PODS:
  - Capacitor (3.7.0):
    - CapacitorCordova
  - CapacitorCordova (3.7.0)
  - YandexMobileMetrica/Dynamic (4.2.0):
    - YandexMobileMetrica/Dynamic/Core (= 4.2.0)
    - YandexMobileMetrica/Dynamic/Crashes (= 4.2.0)
  - YandexMobileMetrica/Dynamic/Core (4.2.0)
  - YandexMobileMetrica/Dynamic/Crashes (4.2.0):
    - YandexMobileMetrica/Dynamic/Core

DEPENDENCIES:
  - "Capacitor (from `../node_modules/@capacitor/ios`)"
  - "CapacitorCordova (from `../node_modules/@capacitor/ios`)"
  - YandexMobileMetrica/Dynamic (= 4.2.0)

SPEC REPOS:
  trunk:
    - YandexMobileMetrica

EXTERNAL SOURCES:
  Capacitor:
    :path: "../node_modules/@capacitor/ios"
  CapacitorCordova:
    :path: "../node_modules/@capacitor/ios"

SPEC CHECKSUMS:
  Capacitor: a7dc804520a7b3bba6a566c472329365622b663e
  CapacitorCordova: 6ea8e936eac6cd3c50f2cfc1b7423ac71d9909e4
  YandexMobileMetrica: f5f9c605eaaba33ff6ab2b6bc3259035ca60ed87

PODFILE CHECKSUM: cd0cd08e8339f76c45dddf4d35ea9530e8a1f85b

COCOAPODS: 1.10.1
