PODS:
  - Capacitor (2.4.7):
    - CapacitorCordova
  - CapacitorCordova (2.4.7)
  - YandexMobileMetrica/Dynamic (3.17.0):
    - YandexMobileMetrica/Dynamic/Core (= 3.17.0)
    - YandexMobileMetrica/Dynamic/Crashes (= 3.17.0)
  - YandexMobileMetrica/Dynamic/Core (3.17.0)
  - YandexMobileMetrica/Dynamic/Crashes (3.17.0):
    - YandexMobileMetrica/Dynamic/Core

DEPENDENCIES:
  - "Capacitor (from `../node_modules/@capacitor/ios`)"
  - "CapacitorCordova (from `../node_modules/@capacitor/ios`)"
  - YandexMobileMetrica/Dynamic (= 3.17.0)

SPEC REPOS:
  trunk:
    - YandexMobileMetrica

EXTERNAL SOURCES:
  Capacitor:
    :path: "../node_modules/@capacitor/ios"
  CapacitorCordova:
    :path: "../node_modules/@capacitor/ios"

SPEC CHECKSUMS:
  Capacitor: 4cd7b342d5a15b1f6f333d687358953afd7b2d8b
  CapacitorCordova: 2c9d6e28d9d86c4da087fa2c3537c1841954bb12
  YandexMobileMetrica: 9e713c16bb6aca0ba63b84c8d7b8b86d32f4ecc4

PODFILE CHECKSUM: 3dc82fc70e2b99dd2a617fef037a190ad59cdc0a

COCOAPODS: 1.10.1
